// !$*UTF8*$!
{
	archiveVersion = 1;
	classes = {
	};
	objectVersion = 48;
	objects = {

/* Begin PBXBuildFile section */
		677818142004989700E81348 /* ViewController2.m in Sources */ = {isa = PBXBuildFile; fileRef = 677818132004989700E81348 /* ViewController2.m */; };
		6778181720049C9F00E81348 /* ViewController3.m in Sources */ = {isa = PBXBuildFile; fileRef = 6778181620049C9F00E81348 /* ViewController3.m */; };
		6778181A2004A3E200E81348 /* ViewController4.m in Sources */ = {isa = PBXBuildFile; fileRef = 677818192004A3E200E81348 /* ViewController4.m */; };
		6778181D2004ABFC00E81348 /* ViewController5.m in Sources */ = {isa = PBXBuildFile; fileRef = 6778181C2004ABFC00E81348 /* ViewController5.m */; };
		677818202004BC1500E81348 /* ViewController6.m in Sources */ = {isa = PBXBuildFile; fileRef = 6778181F2004BC1500E81348 /* ViewController6.m */; };
		6790A0D12004694C0072B3BD /* AppDelegate.m in Sources */ = {isa = PBXBuildFile; fileRef = 6790A0D02004694C0072B3BD /* AppDelegate.m */; };
		6790A0D92004694C0072B3BD /* Assets.xcassets in Resources */ = {isa = PBXBuildFile; fileRef = 6790A0D82004694C0072B3BD /* Assets.xcassets */; };
		6790A0DC2004694C0072B3BD /* LaunchScreen.storyboard in Resources */ = {isa = PBXBuildFile; fileRef = 6790A0DA2004694C0072B3BD /* LaunchScreen.storyboard */; };
		6790A0DF2004694C0072B3BD /* main.m in Sources */ = {isa = PBXBuildFile; fileRef = 6790A0DE2004694C0072B3BD /* main.m */; };
		6790A0E92004694C0072B3BD /* Demo_CoreAnimationTests.m in Sources */ = {isa = PBXBuildFile; fileRef = 6790A0E82004694C0072B3BD /* Demo_CoreAnimationTests.m */; };
		6790A0F42004694C0072B3BD /* Demo_CoreAnimationUITests.m in Sources */ = {isa = PBXBuildFile; fileRef = 6790A0F32004694C0072B3BD /* Demo_CoreAnimationUITests.m */; };
		6790A105200469930072B3BD /* ListViewController.m in Sources */ = {isa = PBXBuildFile; fileRef = 6790A101200469930072B3BD /* ListViewController.m */; };
		6790A106200469930072B3BD /* SuperViewController.m in Sources */ = {isa = PBXBuildFile; fileRef = 6790A103200469930072B3BD /* SuperViewController.m */; };
		6790A1082004699C0072B3BD /* Main.storyboard in Resources */ = {isa = PBXBuildFile; fileRef = 6790A1072004699C0072B3BD /* Main.storyboard */; };
		6790A10B200469CF0072B3BD /* ViewController1.m in Sources */ = {isa = PBXBuildFile; fileRef = 6790A10A200469CF0072B3BD /* ViewController1.m */; };
		67B3E1BC2005F35B007EA06C /* ViewController7.m in Sources */ = {isa = PBXBuildFile; fileRef = 67B3E1BB2005F35B007EA06C /* ViewController7.m */; };
		67B3E1BF2006006B007EA06C /* ViewController8.m in Sources */ = {isa = PBXBuildFile; fileRef = 67B3E1BE2006006B007EA06C /* ViewController8.m */; };
		67B3E1C220060971007EA06C /* ViewController9.m in Sources */ = {isa = PBXBuildFile; fileRef = 67B3E1C120060971007EA06C /* ViewController9.m */; };
/* End PBXBuildFile section */

/* Begin PBXContainerItemProxy section */
		6790A0E52004694C0072B3BD /* PBXContainerItemProxy */ = {
			isa = PBXContainerItemProxy;
			containerPortal = 6790A0C42004694C0072B3BD /* Project object */;
			proxyType = 1;
			remoteGlobalIDString = 6790A0CB2004694C0072B3BD;
			remoteInfo = Demo_CoreAnimation;
		};
		6790A0F02004694C0072B3BD /* PBXContainerItemProxy */ = {
			isa = PBXContainerItemProxy;
			containerPortal = 6790A0C42004694C0072B3BD /* Project object */;
			proxyType = 1;
			remoteGlobalIDString = 6790A0CB2004694C0072B3BD;
			remoteInfo = Demo_CoreAnimation;
		};
/* End PBXContainerItemProxy section */

/* Begin PBXFileReference section */
		677818122004989700E81348 /* ViewController2.h */ = {isa = PBXFileReference; lastKnownFileType = sourcecode.c.h; path = ViewController2.h; sourceTree = "<group>"; };
		677818132004989700E81348 /* ViewController2.m */ = {isa = PBXFileReference; lastKnownFileType = sourcecode.c.objc; path = ViewController2.m; sourceTree = "<group>"; };
		6778181520049C9F00E81348 /* ViewController3.h */ = {isa = PBXFileReference; lastKnownFileType = sourcecode.c.h; path = ViewController3.h; sourceTree = "<group>"; };
		6778181620049C9F00E81348 /* ViewController3.m */ = {isa = PBXFileReference; lastKnownFileType = sourcecode.c.objc; path = ViewController3.m; sourceTree = "<group>"; };
		677818182004A3E200E81348 /* ViewController4.h */ = {isa = PBXFileReference; lastKnownFileType = sourcecode.c.h; path = ViewController4.h; sourceTree = "<group>"; };
		677818192004A3E200E81348 /* ViewController4.m */ = {isa = PBXFileReference; lastKnownFileType = sourcecode.c.objc; path = ViewController4.m; sourceTree = "<group>"; };
		6778181B2004ABFC00E81348 /* ViewController5.h */ = {isa = PBXFileReference; lastKnownFileType = sourcecode.c.h; path = ViewController5.h; sourceTree = "<group>"; };
		6778181C2004ABFC00E81348 /* ViewController5.m */ = {isa = PBXFileReference; lastKnownFileType = sourcecode.c.objc; path = ViewController5.m; sourceTree = "<group>"; };
		6778181E2004BC1500E81348 /* ViewController6.h */ = {isa = PBXFileReference; lastKnownFileType = sourcecode.c.h; path = ViewController6.h; sourceTree = "<group>"; };
		6778181F2004BC1500E81348 /* ViewController6.m */ = {isa = PBXFileReference; lastKnownFileType = sourcecode.c.objc; path = ViewController6.m; sourceTree = "<group>"; };
		6790A0CC2004694C0072B3BD /* Demo_CoreAnimation.app */ = {isa = PBXFileReference; explicitFileType = wrapper.application; includeInIndex = 0; path = Demo_CoreAnimation.app; sourceTree = BUILT_PRODUCTS_DIR; };
		6790A0CF2004694C0072B3BD /* AppDelegate.h */ = {isa = PBXFileReference; lastKnownFileType = sourcecode.c.h; path = AppDelegate.h; sourceTree = "<group>"; };
		6790A0D02004694C0072B3BD /* AppDelegate.m */ = {isa = PBXFileReference; lastKnownFileType = sourcecode.c.objc; path = AppDelegate.m; sourceTree = "<group>"; };
		6790A0D82004694C0072B3BD /* Assets.xcassets */ = {isa = PBXFileReference; lastKnownFileType = folder.assetcatalog; path = Assets.xcassets; sourceTree = "<group>"; };
		6790A0DB2004694C0072B3BD /* Base */ = {isa = PBXFileReference; lastKnownFileType = file.storyboard; name = Base; path = Base.lproj/LaunchScreen.storyboard; sourceTree = "<group>"; };
		6790A0DD2004694C0072B3BD /* Info.plist */ = {isa = PBXFileReference; lastKnownFileType = text.plist.xml; path = Info.plist; sourceTree = "<group>"; };
		6790A0DE2004694C0072B3BD /* main.m */ = {isa = PBXFileReference; lastKnownFileType = sourcecode.c.objc; path = main.m; sourceTree = "<group>"; };
		6790A0E42004694C0072B3BD /* Demo_CoreAnimationTests.xctest */ = {isa = PBXFileReference; explicitFileType = wrapper.cfbundle; includeInIndex = 0; path = Demo_CoreAnimationTests.xctest; sourceTree = BUILT_PRODUCTS_DIR; };
		6790A0E82004694C0072B3BD /* Demo_CoreAnimationTests.m */ = {isa = PBXFileReference; lastKnownFileType = sourcecode.c.objc; path = Demo_CoreAnimationTests.m; sourceTree = "<group>"; };
		6790A0EA2004694C0072B3BD /* Info.plist */ = {isa = PBXFileReference; lastKnownFileType = text.plist.xml; path = Info.plist; sourceTree = "<group>"; };
		6790A0EF2004694C0072B3BD /* Demo_CoreAnimationUITests.xctest */ = {isa = PBXFileReference; explicitFileType = wrapper.cfbundle; includeInIndex = 0; path = Demo_CoreAnimationUITests.xctest; sourceTree = BUILT_PRODUCTS_DIR; };
		6790A0F32004694C0072B3BD /* Demo_CoreAnimationUITests.m */ = {isa = PBXFileReference; lastKnownFileType = sourcecode.c.objc; path = Demo_CoreAnimationUITests.m; sourceTree = "<group>"; };
		6790A0F52004694C0072B3BD /* Info.plist */ = {isa = PBXFileReference; lastKnownFileType = text.plist.xml; path = Info.plist; sourceTree = "<group>"; };
		6790A101200469930072B3BD /* ListViewController.m */ = {isa = PBXFileReference; fileEncoding = 4; lastKnownFileType = sourcecode.c.objc; path = ListViewController.m; sourceTree = "<group>"; };
		6790A102200469930072B3BD /* SuperViewController.h */ = {isa = PBXFileReference; fileEncoding = 4; lastKnownFileType = sourcecode.c.h; path = SuperViewController.h; sourceTree = "<group>"; };
		6790A103200469930072B3BD /* SuperViewController.m */ = {isa = PBXFileReference; fileEncoding = 4; lastKnownFileType = sourcecode.c.objc; path = SuperViewController.m; sourceTree = "<group>"; };
		6790A104200469930072B3BD /* ListViewController.h */ = {isa = PBXFileReference; fileEncoding = 4; lastKnownFileType = sourcecode.c.h; path = ListViewController.h; sourceTree = "<group>"; };
		6790A1072004699C0072B3BD /* Main.storyboard */ = {isa = PBXFileReference; fileEncoding = 4; lastKnownFileType = file.storyboard; path = Main.storyboard; sourceTree = "<group>"; };
		6790A109200469CF0072B3BD /* ViewController1.h */ = {isa = PBXFileReference; lastKnownFileType = sourcecode.c.h; path = ViewController1.h; sourceTree = "<group>"; };
		6790A10A200469CF0072B3BD /* ViewController1.m */ = {isa = PBXFileReference; lastKnownFileType = sourcecode.c.objc; path = ViewController1.m; sourceTree = "<group>"; };
		67B3E1BA2005F35B007EA06C /* ViewController7.h */ = {isa = PBXFileReference; lastKnownFileType = sourcecode.c.h; path = ViewController7.h; sourceTree = "<group>"; };
		67B3E1BB2005F35B007EA06C /* ViewController7.m */ = {isa = PBXFileReference; lastKnownFileType = sourcecode.c.objc; path = ViewController7.m; sourceTree = "<group>"; };
		67B3E1BD2006006B007EA06C /* ViewController8.h */ = {isa = PBXFileReference; lastKnownFileType = sourcecode.c.h; path = ViewController8.h; sourceTree = "<group>"; };
		67B3E1BE2006006B007EA06C /* ViewController8.m */ = {isa = PBXFileReference; lastKnownFileType = sourcecode.c.objc; path = ViewController8.m; sourceTree = "<group>"; };
		67B3E1C020060971007EA06C /* ViewController9.h */ = {isa = PBXFileReference; lastKnownFileType = sourcecode.c.h; path = ViewController9.h; sourceTree = "<group>"; };
		67B3E1C120060971007EA06C /* ViewController9.m */ = {isa = PBXFileReference; lastKnownFileType = sourcecode.c.objc; path = ViewController9.m; sourceTree = "<group>"; };
/* End PBXFileReference section */

/* Begin PBXFrameworksBuildPhase section */
		6790A0C92004694C0072B3BD /* Frameworks */ = {
			isa = PBXFrameworksBuildPhase;
			buildActionMask = 2147483647;
			files = (
			);
			runOnlyForDeploymentPostprocessing = 0;
		};
		6790A0E12004694C0072B3BD /* Frameworks */ = {
			isa = PBXFrameworksBuildPhase;
			buildActionMask = 2147483647;
			files = (
			);
			runOnlyForDeploymentPostprocessing = 0;
		};
		6790A0EC2004694C0072B3BD /* Frameworks */ = {
			isa = PBXFrameworksBuildPhase;
			buildActionMask = 2147483647;
			files = (
			);
			runOnlyForDeploymentPostprocessing = 0;
		};
/* End PBXFrameworksBuildPhase section */

/* Begin PBXGroup section */
		6790A0C32004694C0072B3BD = {
			isa = PBXGroup;
			children = (
				6790A0CE2004694C0072B3BD /* Demo_CoreAnimation */,
				6790A0E72004694C0072B3BD /* Demo_CoreAnimationTests */,
				6790A0F22004694C0072B3BD /* Demo_CoreAnimationUITests */,
				6790A0CD2004694C0072B3BD /* Products */,
			);
			sourceTree = "<group>";
		};
		6790A0CD2004694C0072B3BD /* Products */ = {
			isa = PBXGroup;
			children = (
				6790A0CC2004694C0072B3BD /* Demo_CoreAnimation.app */,
				6790A0E42004694C0072B3BD /* Demo_CoreAnimationTests.xctest */,
				6790A0EF2004694C0072B3BD /* Demo_CoreAnimationUITests.xctest */,
			);
			name = Products;
			sourceTree = "<group>";
		};
		6790A0CE2004694C0072B3BD /* Demo_CoreAnimation */ = {
			isa = PBXGroup;
			children = (
				6790A1072004699C0072B3BD /* Main.storyboard */,
				6790A0CF2004694C0072B3BD /* AppDelegate.h */,
				6790A0D02004694C0072B3BD /* AppDelegate.m */,
				6790A104200469930072B3BD /* ListViewController.h */,
				6790A101200469930072B3BD /* ListViewController.m */,
				6790A102200469930072B3BD /* SuperViewController.h */,
				6790A103200469930072B3BD /* SuperViewController.m */,
				6790A109200469CF0072B3BD /* ViewController1.h */,
				6790A10A200469CF0072B3BD /* ViewController1.m */,
				677818122004989700E81348 /* ViewController2.h */,
				677818132004989700E81348 /* ViewController2.m */,
				6778181520049C9F00E81348 /* ViewController3.h */,
				6778181620049C9F00E81348 /* ViewController3.m */,
				677818182004A3E200E81348 /* ViewController4.h */,
				677818192004A3E200E81348 /* ViewController4.m */,
				6778181B2004ABFC00E81348 /* ViewController5.h */,
				6778181C2004ABFC00E81348 /* ViewController5.m */,
				6778181E2004BC1500E81348 /* ViewController6.h */,
				6778181F2004BC1500E81348 /* ViewController6.m */,
				67B3E1BA2005F35B007EA06C /* ViewController7.h */,
				67B3E1BB2005F35B007EA06C /* ViewController7.m */,
				67B3E1BD2006006B007EA06C /* ViewController8.h */,
				67B3E1BE2006006B007EA06C /* ViewController8.m */,
				67B3E1C020060971007EA06C /* ViewController9.h */,
				67B3E1C120060971007EA06C /* ViewController9.m */,
				6790A0D82004694C0072B3BD /* Assets.xcassets */,
				6790A0DA2004694C0072B3BD /* LaunchScreen.storyboard */,
				6790A0DD2004694C0072B3BD /* Info.plist */,
				6790A0DE2004694C0072B3BD /* main.m */,
			);
			path = Demo_CoreAnimation;
			sourceTree = "<group>";
		};
		6790A0E72004694C0072B3BD /* Demo_CoreAnimationTests */ = {
			isa = PBXGroup;
			children = (
				6790A0E82004694C0072B3BD /* Demo_CoreAnimationTests.m */,
				6790A0EA2004694C0072B3BD /* Info.plist */,
			);
			path = Demo_CoreAnimationTests;
			sourceTree = "<group>";
		};
		6790A0F22004694C0072B3BD /* Demo_CoreAnimationUITests */ = {
			isa = PBXGroup;
			children = (
				6790A0F32004694C0072B3BD /* Demo_CoreAnimationUITests.m */,
				6790A0F52004694C0072B3BD /* Info.plist */,
			);
			path = Demo_CoreAnimationUITests;
			sourceTree = "<group>";
		};
/* End PBXGroup section */

/* Begin PBXNativeTarget section */
		6790A0CB2004694C0072B3BD /* Demo_CoreAnimation */ = {
			isa = PBXNativeTarget;
			buildConfigurationList = 6790A0F82004694C0072B3BD /* Build configuration list for PBXNativeTarget "Demo_CoreAnimation" */;
			buildPhases = (
				6790A0C82004694C0072B3BD /* Sources */,
				6790A0C92004694C0072B3BD /* Frameworks */,
				6790A0CA2004694C0072B3BD /* Resources */,
			);
			buildRules = (
			);
			dependencies = (
			);
			name = Demo_CoreAnimation;
			productName = Demo_CoreAnimation;
			productReference = 6790A0CC2004694C0072B3BD /* Demo_CoreAnimation.app */;
			productType = "com.apple.product-type.application";
		};
		6790A0E32004694C0072B3BD /* Demo_CoreAnimationTests */ = {
			isa = PBXNativeTarget;
			buildConfigurationList = 6790A0FB2004694C0072B3BD /* Build configuration list for PBXNativeTarget "Demo_CoreAnimationTests" */;
			buildPhases = (
				6790A0E02004694C0072B3BD /* Sources */,
				6790A0E12004694C0072B3BD /* Frameworks */,
				6790A0E22004694C0072B3BD /* Resources */,
			);
			buildRules = (
			);
			dependencies = (
				6790A0E62004694C0072B3BD /* PBXTargetDependency */,
			);
			name = Demo_CoreAnimationTests;
			productName = Demo_CoreAnimationTests;
			productReference = 6790A0E42004694C0072B3BD /* Demo_CoreAnimationTests.xctest */;
			productType = "com.apple.product-type.bundle.unit-test";
		};
		6790A0EE2004694C0072B3BD /* Demo_CoreAnimationUITests */ = {
			isa = PBXNativeTarget;
			buildConfigurationList = 6790A0FE2004694C0072B3BD /* Build configuration list for PBXNativeTarget "Demo_CoreAnimationUITests" */;
			buildPhases = (
				6790A0EB2004694C0072B3BD /* Sources */,
				6790A0EC2004694C0072B3BD /* Frameworks */,
				6790A0ED2004694C0072B3BD /* Resources */,
			);
			buildRules = (
			);
			dependencies = (
				6790A0F12004694C0072B3BD /* PBXTargetDependency */,
			);
			name = Demo_CoreAnimationUITests;
			productName = Demo_CoreAnimationUITests;
			productReference = 6790A0EF2004694C0072B3BD /* Demo_CoreAnimationUITests.xctest */;
			productType = "com.apple.product-type.bundle.ui-testing";
		};
/* End PBXNativeTarget section */

/* Begin PBXProject section */
		6790A0C42004694C0072B3BD /* Project object */ = {
			isa = PBXProject;
			attributes = {
				LastUpgradeCheck = 0920;
				ORGANIZATIONNAME = "世纪阳天";
				TargetAttributes = {
					6790A0CB2004694C0072B3BD = {
						CreatedOnToolsVersion = 9.2;
						ProvisioningStyle = Automatic;
					};
					6790A0E32004694C0072B3BD = {
						CreatedOnToolsVersion = 9.2;
						ProvisioningStyle = Automatic;
						TestTargetID = 6790A0CB2004694C0072B3BD;
					};
					6790A0EE2004694C0072B3BD = {
						CreatedOnToolsVersion = 9.2;
						ProvisioningStyle = Automatic;
						TestTargetID = 6790A0CB2004694C0072B3BD;
					};
				};
			};
			buildConfigurationList = 6790A0C72004694C0072B3BD /* Build configuration list for PBXProject "Demo_CoreAnimation" */;
			compatibilityVersion = "Xcode 8.0";
			developmentRegion = en;
			hasScannedForEncodings = 0;
			knownRegions = (
				en,
				Base,
			);
			mainGroup = 6790A0C32004694C0072B3BD;
			productRefGroup = 6790A0CD2004694C0072B3BD /* Products */;
			projectDirPath = "";
			projectRoot = "";
			targets = (
				6790A0CB2004694C0072B3BD /* Demo_CoreAnimation */,
				6790A0E32004694C0072B3BD /* Demo_CoreAnimationTests */,
				6790A0EE2004694C0072B3BD /* Demo_CoreAnimationUITests */,
			);
		};
/* End PBXProject section */

/* Begin PBXResourcesBuildPhase section */
		6790A0CA2004694C0072B3BD /* Resources */ = {
			isa = PBXResourcesBuildPhase;
			buildActionMask = 2147483647;
			files = (
				6790A0DC2004694C0072B3BD /* LaunchScreen.storyboard in Resources */,
				6790A0D92004694C0072B3BD /* Assets.xcassets in Resources */,
				6790A1082004699C0072B3BD /* Main.storyboard in Resources */,
			);
			runOnlyForDeploymentPostprocessing = 0;
		};
		6790A0E22004694C0072B3BD /* Resources */ = {
			isa = PBXResourcesBuildPhase;
			buildActionMask = 2147483647;
			files = (
			);
			runOnlyForDeploymentPostprocessing = 0;
		};
		6790A0ED2004694C0072B3BD /* Resources */ = {
			isa = PBXResourcesBuildPhase;
			buildActionMask = 2147483647;
			files = (
			);
			runOnlyForDeploymentPostprocessing = 0;
		};
/* End PBXResourcesBuildPhase section */

/* Begin PBXSourcesBuildPhase section */
		6790A0C82004694C0072B3BD /* Sources */ = {
			isa = PBXSourcesBuildPhase;
			buildActionMask = 2147483647;
			files = (
				67B3E1C220060971007EA06C /* ViewController9.m in Sources */,
				6790A10B200469CF0072B3BD /* ViewController1.m in Sources */,
				6790A0DF2004694C0072B3BD /* main.m in Sources */,
				6790A106200469930072B3BD /* SuperViewController.m in Sources */,
				6790A105200469930072B3BD /* ListViewController.m in Sources */,
				6790A0D12004694C0072B3BD /* AppDelegate.m in Sources */,
				67B3E1BC2005F35B007EA06C /* ViewController7.m in Sources */,
				677818202004BC1500E81348 /* ViewController6.m in Sources */,
				6778181D2004ABFC00E81348 /* ViewController5.m in Sources */,
				677818142004989700E81348 /* ViewController2.m in Sources */,
				6778181720049C9F00E81348 /* ViewController3.m in Sources */,
				6778181A2004A3E200E81348 /* ViewController4.m in Sources */,
				67B3E1BF2006006B007EA06C /* ViewController8.m in Sources */,
			);
			runOnlyForDeploymentPostprocessing = 0;
		};
		6790A0E02004694C0072B3BD /* Sources */ = {
			isa = PBXSourcesBuildPhase;
			buildActionMask = 2147483647;
			files = (
				6790A0E92004694C0072B3BD /* Demo_CoreAnimationTests.m in Sources */,
			);
			runOnlyForDeploymentPostprocessing = 0;
		};
		6790A0EB2004694C0072B3BD /* Sources */ = {
			isa = PBXSourcesBuildPhase;
			buildActionMask = 2147483647;
			files = (
				6790A0F42004694C0072B3BD /* Demo_CoreAnimationUITests.m in Sources */,
			);
			runOnlyForDeploymentPostprocessing = 0;
		};
/* End PBXSourcesBuildPhase section */

/* Begin PBXTargetDependency section */
		6790A0E62004694C0072B3BD /* PBXTargetDependency */ = {
			isa = PBXTargetDependency;
			target = 6790A0CB2004694C0072B3BD /* Demo_CoreAnimation */;
			targetProxy = 6790A0E52004694C0072B3BD /* PBXContainerItemProxy */;
		};
		6790A0F12004694C0072B3BD /* PBXTargetDependency */ = {
			isa = PBXTargetDependency;
			target = 6790A0CB2004694C0072B3BD /* Demo_CoreAnimation */;
			targetProxy = 6790A0F02004694C0072B3BD /* PBXContainerItemProxy */;
		};
/* End PBXTargetDependency section */

/* Begin PBXVariantGroup section */
		6790A0DA2004694C0072B3BD /* LaunchScreen.storyboard */ = {
			isa = PBXVariantGroup;
			children = (
				6790A0DB2004694C0072B3BD /* Base */,
			);
			name = LaunchScreen.storyboard;
			sourceTree = "<group>";
		};
/* End PBXVariantGroup section */

/* Begin XCBuildConfiguration section */
		6790A0F62004694C0072B3BD /* Debug */ = {
			isa = XCBuildConfiguration;
			buildSettings = {
				ALWAYS_SEARCH_USER_PATHS = NO;
				CLANG_ANALYZER_NONNULL = YES;
				CLANG_ANALYZER_NUMBER_OBJECT_CONVERSION = YES_AGGRESSIVE;
				CLANG_CXX_LANGUAGE_STANDARD = "gnu++14";
				CLANG_CXX_LIBRARY = "libc++";
				CLANG_ENABLE_MODULES = YES;
				CLANG_ENABLE_OBJC_ARC = YES;
				CLANG_WARN_BLOCK_CAPTURE_AUTORELEASING = YES;
				CLANG_WARN_BOOL_CONVERSION = YES;
				CLANG_WARN_COMMA = YES;
				CLANG_WARN_CONSTANT_CONVERSION = YES;
				CLANG_WARN_DIRECT_OBJC_ISA_USAGE = YES_ERROR;
				CLANG_WARN_DOCUMENTATION_COMMENTS = YES;
				CLANG_WARN_EMPTY_BODY = YES;
				CLANG_WARN_ENUM_CONVERSION = YES;
				CLANG_WARN_INFINITE_RECURSION = YES;
				CLANG_WARN_INT_CONVERSION = YES;
				CLANG_WARN_NON_LITERAL_NULL_CONVERSION = YES;
				CLANG_WARN_OBJC_LITERAL_CONVERSION = YES;
				CLANG_WARN_OBJC_ROOT_CLASS = YES_ERROR;
				CLANG_WARN_RANGE_LOOP_ANALYSIS = YES;
				CLANG_WARN_STRICT_PROTOTYPES = YES;
				CLANG_WARN_SUSPICIOUS_MOVE = YES;
				CLANG_WARN_UNGUARDED_AVAILABILITY = YES_AGGRESSIVE;
				CLANG_WARN_UNREACHABLE_CODE = YES;
				CLANG_WARN__DUPLICATE_METHOD_MATCH = YES;
				CODE_SIGN_IDENTITY = "iPhone Developer";
				COPY_PHASE_STRIP = NO;
				DEBUG_INFORMATION_FORMAT = dwarf;
				ENABLE_STRICT_OBJC_MSGSEND = YES;
				ENABLE_TESTABILITY = YES;
				GCC_C_LANGUAGE_STANDARD = gnu11;
				GCC_DYNAMIC_NO_PIC = NO;
				GCC_NO_COMMON_BLOCKS = YES;
				GCC_OPTIMIZATION_LEVEL = 0;
				GCC_PREPROCESSOR_DEFINITIONS = (
					"DEBUG=1",
					"$(inherited)",
				);
				GCC_WARN_64_TO_32_BIT_CONVERSION = YES;
				GCC_WARN_ABOUT_RETURN_TYPE = YES_ERROR;
				GCC_WARN_UNDECLARED_SELECTOR = YES;
				GCC_WARN_UNINITIALIZED_AUTOS = YES_AGGRESSIVE;
				GCC_WARN_UNUSED_FUNCTION = YES;
				GCC_WARN_UNUSED_VARIABLE = YES;
				IPHONEOS_DEPLOYMENT_TARGET = 11.2;
				MTL_ENABLE_DEBUG_INFO = YES;
				ONLY_ACTIVE_ARCH = YES;
				SDKROOT = iphoneos;
			};
			name = Debug;
		};
		6790A0F72004694C0072B3BD /* Release */ = {
			isa = XCBuildConfiguration;
			buildSettings = {
				ALWAYS_SEARCH_USER_PATHS = NO;
				CLANG_ANALYZER_NONNULL = YES;
				CLANG_ANALYZER_NUMBER_OBJECT_CONVERSION = YES_AGGRESSIVE;
				CLANG_CXX_LANGUAGE_STANDARD = "gnu++14";
				CLANG_CXX_LIBRARY = "libc++";
				CLANG_ENABLE_MODULES = YES;
				CLANG_ENABLE_OBJC_ARC = YES;
				CLANG_WARN_BLOCK_CAPTURE_AUTORELEASING = YES;
				CLANG_WARN_BOOL_CONVERSION = YES;
				CLANG_WARN_COMMA = YES;
				CLANG_WARN_CONSTANT_CONVERSION = YES;
				CLANG_WARN_DIRECT_OBJC_ISA_USAGE = YES_ERROR;
				CLANG_WARN_DOCUMENTATION_COMMENTS = YES;
				CLANG_WARN_EMPTY_BODY = YES;
				CLANG_WARN_ENUM_CONVERSION = YES;
				CLANG_WARN_INFINITE_RECURSION = YES;
				CLANG_WARN_INT_CONVERSION = YES;
				CLANG_WARN_NON_LITERAL_NULL_CONVERSION = YES;
				CLANG_WARN_OBJC_LITERAL_CONVERSION = YES;
				CLANG_WARN_OBJC_ROOT_CLASS = YES_ERROR;
				CLANG_WARN_RANGE_LOOP_ANALYSIS = YES;
				CLANG_WARN_STRICT_PROTOTYPES = YES;
				CLANG_WARN_SUSPICIOUS_MOVE = YES;
				CLANG_WARN_UNGUARDED_AVAILABILITY = YES_AGGRESSIVE;
				CLANG_WARN_UNREACHABLE_CODE = YES;
				CLANG_WARN__DUPLICATE_METHOD_MATCH = YES;
				CODE_SIGN_IDENTITY = "iPhone Developer";
				COPY_PHASE_STRIP = NO;
				DEBUG_INFORMATION_FORMAT = "dwarf-with-dsym";
				ENABLE_NS_ASSERTIONS = NO;
				ENABLE_STRICT_OBJC_MSGSEND = YES;
				GCC_C_LANGUAGE_STANDARD = gnu11;
				GCC_NO_COMMON_BLOCKS = YES;
				GCC_WARN_64_TO_32_BIT_CONVERSION = YES;
				GCC_WARN_ABOUT_RETURN_TYPE = YES_ERROR;
				GCC_WARN_UNDECLARED_SELECTOR = YES;
				GCC_WARN_UNINITIALIZED_AUTOS = YES_AGGRESSIVE;
				GCC_WARN_UNUSED_FUNCTION = YES;
				GCC_WARN_UNUSED_VARIABLE = YES;
				IPHONEOS_DEPLOYMENT_TARGET = 11.2;
				MTL_ENABLE_DEBUG_INFO = NO;
				SDKROOT = iphoneos;
				VALIDATE_PRODUCT = YES;
			};
			name = Release;
		};
		6790A0F92004694C0072B3BD /* Debug */ = {
			isa = XCBuildConfiguration;
			buildSettings = {
				ASSETCATALOG_COMPILER_APPICON_NAME = AppIcon;
				CODE_SIGN_STYLE = Automatic;
				INFOPLIST_FILE = Demo_CoreAnimation/Info.plist;
				LD_RUNPATH_SEARCH_PATHS = "$(inherited) @executable_path/Frameworks";
				PRODUCT_BUNDLE_IDENTIFIER = "--.Demo-CoreAnimation";
				PRODUCT_NAME = "$(TARGET_NAME)";
				TARGETED_DEVICE_FAMILY = "1,2";
			};
			name = Debug;
		};
		6790A0FA2004694C0072B3BD /* Release */ = {
			isa = XCBuildConfiguration;
			buildSettings = {
				ASSETCATALOG_COMPILER_APPICON_NAME = AppIcon;
				CODE_SIGN_STYLE = Automatic;
				INFOPLIST_FILE = Demo_CoreAnimation/Info.plist;
				LD_RUNPATH_SEARCH_PATHS = "$(inherited) @executable_path/Frameworks";
				PRODUCT_BUNDLE_IDENTIFIER = "--.Demo-CoreAnimation";
				PRODUCT_NAME = "$(TARGET_NAME)";
				TARGETED_DEVICE_FAMILY = "1,2";
			};
			name = Release;
		};
		6790A0FC2004694C0072B3BD /* Debug */ = {
			isa = XCBuildConfiguration;
			buildSettings = {
				BUNDLE_LOADER = "$(TEST_HOST)";
				CODE_SIGN_STYLE = Automatic;
				INFOPLIST_FILE = Demo_CoreAnimationTests/Info.plist;
				LD_RUNPATH_SEARCH_PATHS = "$(inherited) @executable_path/Frameworks @loader_path/Frameworks";
				PRODUCT_BUNDLE_IDENTIFIER = "--.Demo-CoreAnimationTests";
				PRODUCT_NAME = "$(TARGET_NAME)";
				TARGETED_DEVICE_FAMILY = "1,2";
				TEST_HOST = "$(BUILT_PRODUCTS_DIR)/Demo_CoreAnimation.app/Demo_CoreAnimation";
			};
			name = Debug;
		};
		6790A0FD2004694C0072B3BD /* Release */ = {
			isa = XCBuildConfiguration;
			buildSettings = {
				BUNDLE_LOADER = "$(TEST_HOST)";
				CODE_SIGN_STYLE = Automatic;
				INFOPLIST_FILE = Demo_CoreAnimationTests/Info.plist;
				LD_RUNPATH_SEARCH_PATHS = "$(inherited) @executable_path/Frameworks @loader_path/Frameworks";
				PRODUCT_BUNDLE_IDENTIFIER = "--.Demo-CoreAnimationTests";
				PRODUCT_NAME = "$(TARGET_NAME)";
				TARGETED_DEVICE_FAMILY = "1,2";
				TEST_HOST = "$(BUILT_PRODUCTS_DIR)/Demo_CoreAnimation.app/Demo_CoreAnimation";
			};
			name = Release;
		};
		6790A0FF2004694C0072B3BD /* Debug */ = {
			isa = XCBuildConfiguration;
			buildSettings = {
				CODE_SIGN_STYLE = Automatic;
				INFOPLIST_FILE = Demo_CoreAnimationUITests/Info.plist;
				LD_RUNPATH_SEARCH_PATHS = "$(inherited) @executable_path/Frameworks @loader_path/Frameworks";
				PRODUCT_BUNDLE_IDENTIFIER = "--.Demo-CoreAnimationUITests";
				PRODUCT_NAME = "$(TARGET_NAME)";
				TARGETED_DEVICE_FAMILY = "1,2";
				TEST_TARGET_NAME = Demo_CoreAnimation;
			};
			name = Debug;
		};
		6790A1002004694C0072B3BD /* Release */ = {
			isa = XCBuildConfiguration;
			buildSettings = {
				CODE_SIGN_STYLE = Automatic;
				INFOPLIST_FILE = Demo_CoreAnimationUITests/Info.plist;
				LD_RUNPATH_SEARCH_PATHS = "$(inherited) @executable_path/Frameworks @loader_path/Frameworks";
				PRODUCT_BUNDLE_IDENTIFIER = "--.Demo-CoreAnimationUITests";
				PRODUCT_NAME = "$(TARGET_NAME)";
				TARGETED_DEVICE_FAMILY = "1,2";
				TEST_TARGET_NAME = Demo_CoreAnimation;
			};
			name = Release;
		};
/* End XCBuildConfiguration section */

/* Begin XCConfigurationList section */
		6790A0C72004694C0072B3BD /* Build configuration list for PBXProject "Demo_CoreAnimation" */ = {
			isa = XCConfigurationList;
			buildConfigurations = (
				6790A0F62004694C0072B3BD /* Debug */,
				6790A0F72004694C0072B3BD /* Release */,
			);
			defaultConfigurationIsVisible = 0;
			defaultConfigurationName = Release;
		};
		6790A0F82004694C0072B3BD /* Build configuration list for PBXNativeTarget "Demo_CoreAnimation" */ = {
			isa = XCConfigurationList;
			buildConfigurations = (
				6790A0F92004694C0072B3BD /* Debug */,
				6790A0FA2004694C0072B3BD /* Release */,
			);
			defaultConfigurationIsVisible = 0;
			defaultConfigurationName = Release;
		};
		6790A0FB2004694C0072B3BD /* Build configuration list for PBXNativeTarget "Demo_CoreAnimationTests" */ = {
			isa = XCConfigurationList;
			buildConfigurations = (
				6790A0FC2004694C0072B3BD /* Debug */,
				6790A0FD2004694C0072B3BD /* Release */,
			);
			defaultConfigurationIsVisible = 0;
			defaultConfigurationName = Release;
		};
		6790A0FE2004694C0072B3BD /* Build configuration list for PBXNativeTarget "Demo_CoreAnimationUITests" */ = {
			isa = XCConfigurationList;
			buildConfigurations = (
				6790A0FF2004694C0072B3BD /* Debug */,
				6790A1002004694C0072B3BD /* Release */,
			);
			defaultConfigurationIsVisible = 0;
			defaultConfigurationName = Release;
		};
/* End XCConfigurationList section */
	};
	rootObject = 6790A0C42004694C0072B3BD /* Project object */;
}
